// !$*UTF8*$!
{
	archiveVersion = 1;
	classes = {
	};
	objectVersion = 46;
	objects = {

/* Begin PBXBuildFile section */
		45AB6BB51BD616D000B6ED2C /* main.m in Sources */ = {isa = PBXBuildFile; fileRef = 45AB6BB41BD616D000B6ED2C /* main.m */; };
		45AB6BC11BD616D000B6ED2C /* Main.storyboard in Resources */ = {isa = PBXBuildFile; fileRef = 45AB6BBF1BD616D000B6ED2C /* Main.storyboard */; };
		45AB6BC61BD616D000B6ED2C /* LaunchScreen.storyboard in Resources */ = {isa = PBXBuildFile; fileRef = 45AB6BC41BD616D000B6ED2C /* LaunchScreen.storyboard */; };
		45AB6BE51BD6197800B6ED2C /* AppDelegate.m in Sources */ = {isa = PBXBuildFile; fileRef = 45AB6BDD1BD6197800B6ED2C /* AppDelegate.m */; settings = {ASSET_TAGS = (); }; };
		45AB6BE71BD6197800B6ED2C /* Images.xcassets in Resources */ = {isa = PBXBuildFile; fileRef = 45AB6BE01BD6197800B6ED2C /* Images.xcassets */; settings = {ASSET_TAGS = (); }; };
		45AB6BE81BD6197800B6ED2C /* MasterViewController.m in Sources */ = {isa = PBXBuildFile; fileRef = 45AB6BE21BD6197800B6ED2C /* MasterViewController.m */; settings = {ASSET_TAGS = (); }; };
/* End PBXBuildFile section */

/* Begin PBXContainerItemProxy section */
		45AB6BCD1BD616D000B6ED2C /* PBXContainerItemProxy */ = {
			isa = PBXContainerItemProxy;
			containerPortal = 45AB6BA81BD616D000B6ED2C /* Project object */;
			proxyType = 1;
			remoteGlobalIDString = 45AB6BAF1BD616D000B6ED2C;
			remoteInfo = __LIBRARY_PROJECT_NAME__;
		};
/* End PBXContainerItemProxy section */

/* Begin PBXFileReference section */
		4516B2651BD6308600FCEF5C /* __LIBRARY_PROJECT_NAME__.h */ = {isa = PBXFileReference; fileEncoding = 4; lastKnownFileType = sourcecode.c.h; path = __LIBRARY_PROJECT_NAME__.h; sourceTree = "<group>"; };
		45AB6BB01BD616D000B6ED2C /* __LIBRARY_PROJECT_NAME__.app */ = {isa = PBXFileReference; explicitFileType = wrapper.application; includeInIndex = 0; path = __LIBRARY_PROJECT_NAME__.app; sourceTree = BUILT_PRODUCTS_DIR; };
		45AB6BB41BD616D000B6ED2C /* main.m */ = {isa = PBXFileReference; lastKnownFileType = sourcecode.c.objc; name = main.m; path = ../main.m; sourceTree = "<group>"; };
		45AB6BC01BD616D000B6ED2C /* Base */ = {isa = PBXFileReference; lastKnownFileType = file.storyboard; name = Base; path = Base.lproj/Main.storyboard; sourceTree = "<group>"; };
		45AB6BC51BD616D000B6ED2C /* Base */ = {isa = PBXFileReference; lastKnownFileType = file.storyboard; name = Base; path = Base.lproj/LaunchScreen.storyboard; sourceTree = "<group>"; };
		45AB6BC71BD616D000B6ED2C /* Info.plist */ = {isa = PBXFileReference; lastKnownFileType = text.plist.xml; path = Info.plist; sourceTree = "<group>"; };
		45AB6BCC1BD616D000B6ED2C /* __LIBRARY_PROJECT_NAME__Tests.xctest */ = {isa = PBXFileReference; explicitFileType = wrapper.cfbundle; includeInIndex = 0; path = __LIBRARY_PROJECT_NAME__Tests.xctest; sourceTree = BUILT_PRODUCTS_DIR; };
		45AB6BD21BD616D000B6ED2C /* Info.plist */ = {isa = PBXFileReference; lastKnownFileType = text.plist.xml; path = Info.plist; sourceTree = "<group>"; };
		45AB6BDC1BD6197800B6ED2C /* AppDelegate.h */ = {isa = PBXFileReference; fileEncoding = 4; lastKnownFileType = sourcecode.c.h; path = AppDelegate.h; sourceTree = "<group>"; };
		45AB6BDD1BD6197800B6ED2C /* AppDelegate.m */ = {isa = PBXFileReference; fileEncoding = 4; lastKnownFileType = sourcecode.c.objc; path = AppDelegate.m; sourceTree = "<group>"; };
		45AB6BE01BD6197800B6ED2C /* Images.xcassets */ = {isa = PBXFileReference; lastKnownFileType = folder.assetcatalog; path = Images.xcassets; sourceTree = "<group>"; };
		45AB6BE11BD6197800B6ED2C /* MasterViewController.h */ = {isa = PBXFileReference; fileEncoding = 4; lastKnownFileType = sourcecode.c.h; path = MasterViewController.h; sourceTree = "<group>"; };
		45AB6BE21BD6197800B6ED2C /* MasterViewController.m */ = {isa = PBXFileReference; fileEncoding = 4; lastKnownFileType = sourcecode.c.objc; path = MasterViewController.m; sourceTree = "<group>"; };
/* End PBXFileReference section */

/* Begin PBXFrameworksBuildPhase section */
		45AB6BAD1BD616D000B6ED2C /* Frameworks */ = {
			isa = PBXFrameworksBuildPhase;
			buildActionMask = 2147483647;
			files = (
			);
			runOnlyForDeploymentPostprocessing = 0;
		};
		45AB6BC91BD616D000B6ED2C /* Frameworks */ = {
			isa = PBXFrameworksBuildPhase;
			buildActionMask = 2147483647;
			files = (
			);
			runOnlyForDeploymentPostprocessing = 0;
		};
/* End PBXFrameworksBuildPhase section */

/* Begin PBXGroup section */
		45AB6BA71BD616D000B6ED2C = {
			isa = PBXGroup;
			children = (
				45AB6BB21BD616D000B6ED2C /* __LIBRARY_PROJECT_NAME__ */,
				45AB6BCF1BD616D000B6ED2C /* __LIBRARY_PROJECT_NAME__Tests */,
				45AB6BB11BD616D000B6ED2C /* Products */,
			);
			sourceTree = "<group>";
		};
		45AB6BB11BD616D000B6ED2C /* Products */ = {
			isa = PBXGroup;
			children = (
				45AB6BB01BD616D000B6ED2C /* __LIBRARY_PROJECT_NAME__.app */,
				45AB6BCC1BD616D000B6ED2C /* __LIBRARY_PROJECT_NAME__Tests.xctest */,
			);
			name = Products;
			sourceTree = "<group>";
		};
		45AB6BB21BD616D000B6ED2C /* __LIBRARY_PROJECT_NAME__ */ = {
			isa = PBXGroup;
			children = (
				45AB6BE31BD6197800B6ED2C /* Pod */,
				45AB6BC71BD616D000B6ED2C /* Info.plist */,
				45AB6BDB1BD6197800B6ED2C /* Project */,
			);
			path = __LIBRARY_PROJECT_NAME__;
			sourceTree = "<group>";
		};
		45AB6BCF1BD616D000B6ED2C /* __LIBRARY_PROJECT_NAME__Tests */ = {
			isa = PBXGroup;
			children = (
				45AB6BEA1BD619AE00B6ED2C /* Pod */,
				45AB6BD21BD616D000B6ED2C /* Info.plist */,
			);
			path = __LIBRARY_PROJECT_NAME__Tests;
			sourceTree = "<group>";
		};
		45AB6BDB1BD6197800B6ED2C /* Project */ = {
			isa = PBXGroup;
			children = (
				45AB6BBF1BD616D000B6ED2C /* Main.storyboard */,
				45AB6BC41BD616D000B6ED2C /* LaunchScreen.storyboard */,
				45AB6BB41BD616D000B6ED2C /* main.m */,
				45AB6BDC1BD6197800B6ED2C /* AppDelegate.h */,
				45AB6BDD1BD6197800B6ED2C /* AppDelegate.m */,
				45AB6BE01BD6197800B6ED2C /* Images.xcassets */,
				45AB6BE11BD6197800B6ED2C /* MasterViewController.h */,
				45AB6BE21BD6197800B6ED2C /* MasterViewController.m */,
			);
			path = Project;
			sourceTree = "<group>";
		};
		45AB6BE31BD6197800B6ED2C /* Pod */ = {
			isa = PBXGroup;
			children = (
				45AB6BE41BD6197800B6ED2C /* Classes */,
				4516B2651BD6308600FCEF5C /* __LIBRARY_PROJECT_NAME__.h */,
			);
			path = Pod;
			sourceTree = "<group>";
		};
		45AB6BE41BD6197800B6ED2C /* Classes */ = {
			isa = PBXGroup;
			children = (
			);
			path = Classes;
			sourceTree = "<group>";
		};
		45AB6BEA1BD619AE00B6ED2C /* Pod */ = {
			isa = PBXGroup;
			children = (
				45AB6BEB1BD619AE00B6ED2C /* Classes */,
			);
			path = Pod;
			sourceTree = "<group>";
		};
		45AB6BEB1BD619AE00B6ED2C /* Classes */ = {
			isa = PBXGroup;
			children = (
			);
			path = Classes;
			sourceTree = "<group>";
		};
/* End PBXGroup section */

/* Begin PBXNativeTarget section */
		45AB6BAF1BD616D000B6ED2C /* __LIBRARY_PROJECT_NAME__ */ = {
			isa = PBXNativeTarget;
			buildConfigurationList = 45AB6BD51BD616D000B6ED2C /* Build configuration list for PBXNativeTarget "__LIBRARY_PROJECT_NAME__" */;
			buildPhases = (
				45AB6BAC1BD616D000B6ED2C /* Sources */,
				45AB6BAD1BD616D000B6ED2C /* Frameworks */,
				45AB6BAE1BD616D000B6ED2C /* Resources */,
			);
			buildRules = (
			);
			dependencies = (
			);
			name = __LIBRARY_PROJECT_NAME__;
			productName = __LIBRARY_PROJECT_NAME__;
			productReference = 45AB6BB01BD616D000B6ED2C /* __LIBRARY_PROJECT_NAME__.app */;
			productType = "com.apple.product-type.application";
		};
		45AB6BCB1BD616D000B6ED2C /* __LIBRARY_PROJECT_NAME__Tests */ = {
			isa = PBXNativeTarget;
			buildConfigurationList = 45AB6BD81BD616D000B6ED2C /* Build configuration list for PBXNativeTarget "__LIBRARY_PROJECT_NAME__Tests" */;
			buildPhases = (
				45AB6BC81BD616D000B6ED2C /* Sources */,
				45AB6BC91BD616D000B6ED2C /* Frameworks */,
				45AB6BCA1BD616D000B6ED2C /* Resources */,
			);
			buildRules = (
			);
			dependencies = (
				45AB6BCE1BD616D000B6ED2C /* PBXTargetDependency */,
			);
			name = __LIBRARY_PROJECT_NAME__Tests;
			productName = __LIBRARY_PROJECT_NAME__Tests;
			productReference = 45AB6BCC1BD616D000B6ED2C /* __LIBRARY_PROJECT_NAME__Tests.xctest */;
			productType = "com.apple.product-type.bundle.unit-test";
		};
/* End PBXNativeTarget section */

/* Begin PBXProject section */
		45AB6BA81BD616D000B6ED2C /* Project object */ = {
			isa = PBXProject;
			attributes = {
				LastUpgradeCheck = 0700;
				ORGANIZATIONNAME = Slavko;
				TargetAttributes = {
					45AB6BAF1BD616D000B6ED2C = {
						CreatedOnToolsVersion = 7.0.1;
					};
					45AB6BCB1BD616D000B6ED2C = {
						CreatedOnToolsVersion = 7.0.1;
						TestTargetID = 45AB6BAF1BD616D000B6ED2C;
					};
				};
			};
			buildConfigurationList = 45AB6BAB1BD616D000B6ED2C /* Build configuration list for PBXProject "__LIBRARY_PROJECT_NAME__" */;
			compatibilityVersion = "Xcode 3.2";
			developmentRegion = English;
			hasScannedForEncodings = 0;
			knownRegions = (
				en,
				Base,
			);
			mainGroup = 45AB6BA71BD616D000B6ED2C;
			productRefGroup = 45AB6BB11BD616D000B6ED2C /* Products */;
			projectDirPath = "";
			projectRoot = "";
			targets = (
				45AB6BAF1BD616D000B6ED2C /* __LIBRARY_PROJECT_NAME__ */,
				45AB6BCB1BD616D000B6ED2C /* __LIBRARY_PROJECT_NAME__Tests */,
			);
		};
/* End PBXProject section */

/* Begin PBXResourcesBuildPhase section */
		45AB6BAE1BD616D000B6ED2C /* Resources */ = {
			isa = PBXResourcesBuildPhase;
			buildActionMask = 2147483647;
			files = (
				45AB6BE71BD6197800B6ED2C /* Images.xcassets in Resources */,
				45AB6BC61BD616D000B6ED2C /* LaunchScreen.storyboard in Resources */,
				45AB6BC11BD616D000B6ED2C /* Main.storyboard in Resources */,
			);
			runOnlyForDeploymentPostprocessing = 0;
		};
		45AB6BCA1BD616D000B6ED2C /* Resources */ = {
			isa = PBXResourcesBuildPhase;
			buildActionMask = 2147483647;
			files = (
			);
			runOnlyForDeploymentPostprocessing = 0;
		};
/* End PBXResourcesBuildPhase section */

/* Begin PBXSourcesBuildPhase section */
		45AB6BAC1BD616D000B6ED2C /* Sources */ = {
			isa = PBXSourcesBuildPhase;
			buildActionMask = 2147483647;
			files = (
				45AB6BE81BD6197800B6ED2C /* MasterViewController.m in Sources */,
				45AB6BE51BD6197800B6ED2C /* AppDelegate.m in Sources */,
				45AB6BB51BD616D000B6ED2C /* main.m in Sources */,
			);
			runOnlyForDeploymentPostprocessing = 0;
		};
		45AB6BC81BD616D000B6ED2C /* Sources */ = {
			isa = PBXSourcesBuildPhase;
			buildActionMask = 2147483647;
			files = (
			);
			runOnlyForDeploymentPostprocessing = 0;
		};
/* End PBXSourcesBuildPhase section */

/* Begin PBXTargetDependency section */
		45AB6BCE1BD616D000B6ED2C /* PBXTargetDependency */ = {
			isa = PBXTargetDependency;
			target = 45AB6BAF1BD616D000B6ED2C /* __LIBRARY_PROJECT_NAME__ */;
			targetProxy = 45AB6BCD1BD616D000B6ED2C /* PBXContainerItemProxy */;
		};
/* End PBXTargetDependency section */

/* Begin PBXVariantGroup section */
		45AB6BBF1BD616D000B6ED2C /* Main.storyboard */ = {
			isa = PBXVariantGroup;
			children = (
				45AB6BC01BD616D000B6ED2C /* Base */,
			);
			name = Main.storyboard;
			path = ..;
			sourceTree = "<group>";
		};
		45AB6BC41BD616D000B6ED2C /* LaunchScreen.storyboard */ = {
			isa = PBXVariantGroup;
			children = (
				45AB6BC51BD616D000B6ED2C /* Base */,
			);
			name = LaunchScreen.storyboard;
			path = ..;
			sourceTree = "<group>";
		};
/* End PBXVariantGroup section */

/* Begin XCBuildConfiguration section */
		45AB6BD31BD616D000B6ED2C /* Debug */ = {
			isa = XCBuildConfiguration;
			buildSettings = {
				ALWAYS_SEARCH_USER_PATHS = NO;
				CLANG_CXX_LANGUAGE_STANDARD = "gnu++0x";
				CLANG_CXX_LIBRARY = "libc++";
				CLANG_ENABLE_MODULES = YES;
				CLANG_ENABLE_OBJC_ARC = YES;
				CLANG_WARN_BOOL_CONVERSION = YES;
				CLANG_WARN_CONSTANT_CONVERSION = YES;
				CLANG_WARN_DIRECT_OBJC_ISA_USAGE = YES_ERROR;
				CLANG_WARN_EMPTY_BODY = YES;
				CLANG_WARN_ENUM_CONVERSION = YES;
				CLANG_WARN_INT_CONVERSION = YES;
				CLANG_WARN_OBJC_ROOT_CLASS = YES_ERROR;
				CLANG_WARN_UNREACHABLE_CODE = YES;
				CLANG_WARN__DUPLICATE_METHOD_MATCH = YES;
				"CODE_SIGN_IDENTITY[sdk=iphoneos*]" = "iPhone Developer";
				COPY_PHASE_STRIP = NO;
				DEBUG_INFORMATION_FORMAT = dwarf;
				ENABLE_STRICT_OBJC_MSGSEND = YES;
				ENABLE_TESTABILITY = YES;
				GCC_C_LANGUAGE_STANDARD = gnu99;
				GCC_DYNAMIC_NO_PIC = NO;
				GCC_NO_COMMON_BLOCKS = YES;
				GCC_OPTIMIZATION_LEVEL = 0;
				GCC_PREPROCESSOR_DEFINITIONS = (
					"DEBUG=1",
					"$(inherited)",
				);
				GCC_WARN_64_TO_32_BIT_CONVERSION = YES;
				GCC_WARN_ABOUT_RETURN_TYPE = YES_ERROR;
				GCC_WARN_UNDECLARED_SELECTOR = YES;
				GCC_WARN_UNINITIALIZED_AUTOS = YES_AGGRESSIVE;
				GCC_WARN_UNUSED_FUNCTION = YES;
				GCC_WARN_UNUSED_VARIABLE = YES;
				IPHONEOS_DEPLOYMENT_TARGET = 9.0;
				MTL_ENABLE_DEBUG_INFO = YES;
				ONLY_ACTIVE_ARCH = YES;
				SDKROOT = iphoneos;
				TARGETED_DEVICE_FAMILY = "1,2";
			};
			name = Debug;
		};
		45AB6BD41BD616D000B6ED2C /* Release */ = {
			isa = XCBuildConfiguration;
			buildSettings = {
				ALWAYS_SEARCH_USER_PATHS = NO;
				CLANG_CXX_LANGUAGE_STANDARD = "gnu++0x";
				CLANG_CXX_LIBRARY = "libc++";
				CLANG_ENABLE_MODULES = YES;
				CLANG_ENABLE_OBJC_ARC = YES;
				CLANG_WARN_BOOL_CONVERSION = YES;
				CLANG_WARN_CONSTANT_CONVERSION = YES;
				CLANG_WARN_DIRECT_OBJC_ISA_USAGE = YES_ERROR;
				CLANG_WARN_EMPTY_BODY = YES;
				CLANG_WARN_ENUM_CONVERSION = YES;
				CLANG_WARN_INT_CONVERSION = YES;
				CLANG_WARN_OBJC_ROOT_CLASS = YES_ERROR;
				CLANG_WARN_UNREACHABLE_CODE = YES;
				CLANG_WARN__DUPLICATE_METHOD_MATCH = YES;
				"CODE_SIGN_IDENTITY[sdk=iphoneos*]" = "iPhone Developer";
				COPY_PHASE_STRIP = NO;
				DEBUG_INFORMATION_FORMAT = "dwarf-with-dsym";
				ENABLE_NS_ASSERTIONS = NO;
				ENABLE_STRICT_OBJC_MSGSEND = YES;
				GCC_C_LANGUAGE_STANDARD = gnu99;
				GCC_NO_COMMON_BLOCKS = YES;
				GCC_WARN_64_TO_32_BIT_CONVERSION = YES;
				GCC_WARN_ABOUT_RETURN_TYPE = YES_ERROR;
				GCC_WARN_UNDECLARED_SELECTOR = YES;
				GCC_WARN_UNINITIALIZED_AUTOS = YES_AGGRESSIVE;
				GCC_WARN_UNUSED_FUNCTION = YES;
				GCC_WARN_UNUSED_VARIABLE = YES;
				IPHONEOS_DEPLOYMENT_TARGET = 9.0;
				MTL_ENABLE_DEBUG_INFO = NO;
				SDKROOT = iphoneos;
				TARGETED_DEVICE_FAMILY = "1,2";
				VALIDATE_PRODUCT = YES;
			};
			name = Release;
		};
		45AB6BD61BD616D000B6ED2C /* Debug */ = {
			isa = XCBuildConfiguration;
			buildSettings = {
				ASSETCATALOG_COMPILER_APPICON_NAME = AppIcon;
				INFOPLIST_FILE = __LIBRARY_PROJECT_NAME__/Info.plist;
				LD_RUNPATH_SEARCH_PATHS = "$(inherited) @executable_path/Frameworks";
				PRODUCT_BUNDLE_IDENTIFIER = "slavkokrucaj.--LIBRARY-PROJECT-NAME--";
				PRODUCT_NAME = "$(TARGET_NAME)";
			};
			name = Debug;
		};
		45AB6BD71BD616D000B6ED2C /* Release */ = {
			isa = XCBuildConfiguration;
			buildSettings = {
				ASSETCATALOG_COMPILER_APPICON_NAME = AppIcon;
				INFOPLIST_FILE = __LIBRARY_PROJECT_NAME__/Info.plist;
				LD_RUNPATH_SEARCH_PATHS = "$(inherited) @executable_path/Frameworks";
				PRODUCT_BUNDLE_IDENTIFIER = "slavkokrucaj.--LIBRARY-PROJECT-NAME--";
				PRODUCT_NAME = "$(TARGET_NAME)";
			};
			name = Release;
		};
		45AB6BD91BD616D000B6ED2C /* Debug */ = {
			isa = XCBuildConfiguration;
			buildSettings = {
				BUNDLE_LOADER = "$(TEST_HOST)";
				INFOPLIST_FILE = __LIBRARY_PROJECT_NAME__Tests/Info.plist;
				LD_RUNPATH_SEARCH_PATHS = "$(inherited) @executable_path/Frameworks @loader_path/Frameworks";
				PRODUCT_BUNDLE_IDENTIFIER = "slavkokrucaj.--LIBRARY-PROJECT-NAME--Tests";
				PRODUCT_NAME = "$(TARGET_NAME)";
				TEST_HOST = "$(BUILT_PRODUCTS_DIR)/__LIBRARY_PROJECT_NAME__.app/__LIBRARY_PROJECT_NAME__";
			};
			name = Debug;
		};
		45AB6BDA1BD616D000B6ED2C /* Release */ = {
			isa = XCBuildConfiguration;
			buildSettings = {
				BUNDLE_LOADER = "$(TEST_HOST)";
				INFOPLIST_FILE = __LIBRARY_PROJECT_NAME__Tests/Info.plist;
				LD_RUNPATH_SEARCH_PATHS = "$(inherited) @executable_path/Frameworks @loader_path/Frameworks";
				PRODUCT_BUNDLE_IDENTIFIER = "slavkokrucaj.--LIBRARY-PROJECT-NAME--Tests";
				PRODUCT_NAME = "$(TARGET_NAME)";
				TEST_HOST = "$(BUILT_PRODUCTS_DIR)/__LIBRARY_PROJECT_NAME__.app/__LIBRARY_PROJECT_NAME__";
			};
			name = Release;
		};
/* End XCBuildConfiguration section */

/* Begin XCConfigurationList section */
		45AB6BAB1BD616D000B6ED2C /* Build configuration list for PBXProject "__LIBRARY_PROJECT_NAME__" */ = {
			isa = XCConfigurationList;
			buildConfigurations = (
				45AB6BD31BD616D000B6ED2C /* Debug */,
				45AB6BD41BD616D000B6ED2C /* Release */,
			);
			defaultConfigurationIsVisible = 0;
			defaultConfigurationName = Release;
		};
		45AB6BD51BD616D000B6ED2C /* Build configuration list for PBXNativeTarget "__LIBRARY_PROJECT_NAME__" */ = {
			isa = XCConfigurationList;
			buildConfigurations = (
				45AB6BD61BD616D000B6ED2C /* Debug */,
				45AB6BD71BD616D000B6ED2C /* Release */,
			);
			defaultConfigurationIsVisible = 0;
			defaultConfigurationName = Release;
		};
		45AB6BD81BD616D000B6ED2C /* Build configuration list for PBXNativeTarget "__LIBRARY_PROJECT_NAME__Tests" */ = {
			isa = XCConfigurationList;
			buildConfigurations = (
				45AB6BD91BD616D000B6ED2C /* Debug */,
				45AB6BDA1BD616D000B6ED2C /* Release */,
			);
			defaultConfigurationIsVisible = 0;
			defaultConfigurationName = Release;
		};
/* End XCConfigurationList section */
	};
	rootObject = 45AB6BA81BD616D000B6ED2C /* Project object */;
}
